{
  "nodes": {
    "nixpkgs": {
      "locked": {
        "lastModified": 1789006805,
        "narHash": "sha256-xB8mKMOx1IA9vTDNLmJZ6n4wCMq/cuWBBOzGCRnqxrU=",
        "owner": "nixos",
        "repo": "nixpkgs",
        "rev": "8ce4ef6cb6f871616146b9fe26d2a5ae594e94fe",
        "type": "github"
      },
      "original": {
        "owner": "nixos",
        "ref": "nixos-unstable",
        "repo": "nixpkgs",
        "type": "github"
      }
    },
    "root": {
      "inputs": {
        "nixpkgs": "nixpkgs",
        "rust-overlay": "rust-overlay"
      }
    },
    "rust-overlay": {
      "inputs": {
        "nixpkgs": [
          "nixpkgs"
        ]
      },
      "locked": {
        "lastModified": 1789024335,
        "narHash": "sha256-kCy/MVLRIr95DJ4vspVzWj+kO/x+JuwSHmYZCvShg8w=",
        "owner": "oxalica",
        "repo": "rust-overlay",
        "rev": "577bb1e1fc5af0713169176c5c76622c21fa3ec0",
        "type": "github"
      },
      "original": {
        "owner": "oxalica",
        "repo": "rust-overlay",
        "type": "github"
      }
    }
  },
  "root": "root",
  "version": 7
}
